// !$*UTF8*$!
{
	archiveVersion = 1;
	classes = {
	};
	objectVersion = 48;
	objects = {

/* Begin PBXBuildFile section */
		D23F41C81FA261A500FF240A /* AppDelegate.swift in Sources */ = {isa = PBXBuildFile; fileRef = D23F41C71FA261A500FF240A /* AppDelegate.swift */; };
		D23F41CA1FA261A500FF240A /* ViewController.swift in Sources */ = {isa = PBXBuildFile; fileRef = D23F41C91FA261A500FF240A /* ViewController.swift */; };
		D23F41CD1FA261A500FF240A /* Main.storyboard in Resources */ = {isa = PBXBuildFile; fileRef = D23F41CB1FA261A500FF240A /* Main.storyboard */; };
		D23F41CF1FA261A500FF240A /* Assets.xcassets in Resources */ = {isa = PBXBuildFile; fileRef = D23F41CE1FA261A500FF240A /* Assets.xcassets */; };
		D23F41D21FA261A500FF240A /* LaunchScreen.storyboard in Resources */ = {isa = PBXBuildFile; fileRef = D23F41D01FA261A500FF240A /* LaunchScreen.storyboard */; };
		D23F41DD1FA261A600FF240A /* autoLayoutExercisesTests.swift in Sources */ = {isa = PBXBuildFile; fileRef = D23F41DC1FA261A600FF240A /* autoLayoutExercisesTests.swift */; };
		D23F41E81FA261A600FF240A /* autoLayoutExercisesUITests.swift in Sources */ = {isa = PBXBuildFile; fileRef = D23F41E71FA261A600FF240A /* autoLayoutExercisesUITests.swift */; };
/* End PBXBuildFile section */

/* Begin PBXContainerItemProxy section */
		D23F41D91FA261A600FF240A /* PBXContainerItemProxy */ = {
			isa = PBXContainerItemProxy;
			containerPortal = D23F41BC1FA261A500FF240A /* Project object */;
			proxyType = 1;
			remoteGlobalIDString = D23F41C31FA261A500FF240A;
			remoteInfo = autoLayoutExercises;
		};
		D23F41E41FA261A600FF240A /* PBXContainerItemProxy */ = {
			isa = PBXContainerItemProxy;
			containerPortal = D23F41BC1FA261A500FF240A /* Project object */;
			proxyType = 1;
			remoteGlobalIDString = D23F41C31FA261A500FF240A;
			remoteInfo = autoLayoutExercises;
		};
/* End PBXContainerItemProxy section */

/* Begin PBXFileReference section */
		D23F41C41FA261A500FF240A /* autoLayoutExercises.app */ = {isa = PBXFileReference; explicitFileType = wrapper.application; includeInIndex = 0; path = autoLayoutExercises.app; sourceTree = BUILT_PRODUCTS_DIR; };
		D23F41C71FA261A500FF240A /* AppDelegate.swift */ = {isa = PBXFileReference; lastKnownFileType = sourcecode.swift; path = AppDelegate.swift; sourceTree = "<group>"; };
		D23F41C91FA261A500FF240A /* ViewController.swift */ = {isa = PBXFileReference; lastKnownFileType = sourcecode.swift; path = ViewController.swift; sourceTree = "<group>"; };
		D23F41CC1FA261A500FF240A /* Base */ = {isa = PBXFileReference; lastKnownFileType = file.storyboard; name = Base; path = Base.lproj/Main.storyboard; sourceTree = "<group>"; };
		D23F41CE1FA261A500FF240A /* Assets.xcassets */ = {isa = PBXFileReference; lastKnownFileType = folder.assetcatalog; path = Assets.xcassets; sourceTree = "<group>"; };
		D23F41D11FA261A500FF240A /* Base */ = {isa = PBXFileReference; lastKnownFileType = file.storyboard; name = Base; path = Base.lproj/LaunchScreen.storyboard; sourceTree = "<group>"; };
		D23F41D31FA261A500FF240A /* Info.plist */ = {isa = PBXFileReference; lastKnownFileType = text.plist.xml; path = Info.plist; sourceTree = "<group>"; };
		D23F41D81FA261A600FF240A /* autoLayoutExercisesTests.xctest */ = {isa = PBXFileReference; explicitFileType = wrapper.cfbundle; includeInIndex = 0; path = autoLayoutExercisesTests.xctest; sourceTree = BUILT_PRODUCTS_DIR; };
		D23F41DC1FA261A600FF240A /* autoLayoutExercisesTests.swift */ = {isa = PBXFileReference; lastKnownFileType = sourcecode.swift; path = autoLayoutExercisesTests.swift; sourceTree = "<group>"; };
		D23F41DE1FA261A600FF240A /* Info.plist */ = {isa = PBXFileReference; lastKnownFileType = text.plist.xml; path = Info.plist; sourceTree = "<group>"; };
		D23F41E31FA261A600FF240A /* autoLayoutExercisesUITests.xctest */ = {isa = PBXFileReference; explicitFileType = wrapper.cfbundle; includeInIndex = 0; path = autoLayoutExercisesUITests.xctest; sourceTree = BUILT_PRODUCTS_DIR; };
		D23F41E71FA261A600FF240A /* autoLayoutExercisesUITests.swift */ = {isa = PBXFileReference; lastKnownFileType = sourcecode.swift; path = autoLayoutExercisesUITests.swift; sourceTree = "<group>"; };
		D23F41E91FA261A600FF240A /* Info.plist */ = {isa = PBXFileReference; lastKnownFileType = text.plist.xml; path = Info.plist; sourceTree = "<group>"; };
/* End PBXFileReference section */

/* Begin PBXFrameworksBuildPhase section */
		D23F41C11FA261A500FF240A /* Frameworks */ = {
			isa = PBXFrameworksBuildPhase;
			buildActionMask = 2147483647;
			files = (
			);
			runOnlyForDeploymentPostprocessing = 0;
		};
		D23F41D51FA261A600FF240A /* Frameworks */ = {
			isa = PBXFrameworksBuildPhase;
			buildActionMask = 2147483647;
			files = (
			);
			runOnlyForDeploymentPostprocessing = 0;
		};
		D23F41E01FA261A600FF240A /* Frameworks */ = {
			isa = PBXFrameworksBuildPhase;
			buildActionMask = 2147483647;
			files = (
			);
			runOnlyForDeploymentPostprocessing = 0;
		};
/* End PBXFrameworksBuildPhase section */

/* Begin PBXGroup section */
		D23F41BB1FA261A500FF240A = {
			isa = PBXGroup;
			children = (
				D23F41C61FA261A500FF240A /* autoLayoutExercises */,
				D23F41DB1FA261A600FF240A /* autoLayoutExercisesTests */,
				D23F41E61FA261A600FF240A /* autoLayoutExercisesUITests */,
				D23F41C51FA261A500FF240A /* Products */,
			);
			sourceTree = "<group>";
		};
		D23F41C51FA261A500FF240A /* Products */ = {
			isa = PBXGroup;
			children = (
				D23F41C41FA261A500FF240A /* autoLayoutExercises.app */,
				D23F41D81FA261A600FF240A /* autoLayoutExercisesTests.xctest */,
				D23F41E31FA261A600FF240A /* autoLayoutExercisesUITests.xctest */,
			);
			name = Products;
			sourceTree = "<group>";
		};
		D23F41C61FA261A500FF240A /* autoLayoutExercises */ = {
			isa = PBXGroup;
			children = (
				D23F41F51FA261C200FF240A /* Supporting Files */,
				D23F41C91FA261A500FF240A /* ViewController.swift */,
				D23F41CB1FA261A500FF240A /* Main.storyboard */,
				D23F41D31FA261A500FF240A /* Info.plist */,
			);
			path = autoLayoutExercises;
			sourceTree = "<group>";
		};
		D23F41DB1FA261A600FF240A /* autoLayoutExercisesTests */ = {
			isa = PBXGroup;
			children = (
				D23F41DC1FA261A600FF240A /* autoLayoutExercisesTests.swift */,
				D23F41DE1FA261A600FF240A /* Info.plist */,
			);
			path = autoLayoutExercisesTests;
			sourceTree = "<group>";
		};
		D23F41E61FA261A600FF240A /* autoLayoutExercisesUITests */ = {
			isa = PBXGroup;
			children = (
				D23F41E71FA261A600FF240A /* autoLayoutExercisesUITests.swift */,
				D23F41E91FA261A600FF240A /* Info.plist */,
			);
			path = autoLayoutExercisesUITests;
			sourceTree = "<group>";
		};
		D23F41F51FA261C200FF240A /* Supporting Files */ = {
			isa = PBXGroup;
			children = (
				D23F41C71FA261A500FF240A /* AppDelegate.swift */,
				D23F41CE1FA261A500FF240A /* Assets.xcassets */,
				D23F41D01FA261A500FF240A /* LaunchScreen.storyboard */,
			);
			path = "Supporting Files";
			sourceTree = "<group>";
		};
/* End PBXGroup section */

/* Begin PBXNativeTarget section */
		D23F41C31FA261A500FF240A /* autoLayoutExercises */ = {
			isa = PBXNativeTarget;
			buildConfigurationList = D23F41EC1FA261A600FF240A /* Build configuration list for PBXNativeTarget "autoLayoutExercises" */;
			buildPhases = (
				D23F41C01FA261A500FF240A /* Sources */,
				D23F41C11FA261A500FF240A /* Frameworks */,
				D23F41C21FA261A500FF240A /* Resources */,
			);
			buildRules = (
			);
			dependencies = (
			);
			name = autoLayoutExercises;
			productName = autoLayoutExercises;
			productReference = D23F41C41FA261A500FF240A /* autoLayoutExercises.app */;
			productType = "com.apple.product-type.application";
		};
		D23F41D71FA261A600FF240A /* autoLayoutExercisesTests */ = {
			isa = PBXNativeTarget;
			buildConfigurationList = D23F41EF1FA261A600FF240A /* Build configuration list for PBXNativeTarget "autoLayoutExercisesTests" */;
			buildPhases = (
				D23F41D41FA261A600FF240A /* Sources */,
				D23F41D51FA261A600FF240A /* Frameworks */,
				D23F41D61FA261A600FF240A /* Resources */,
			);
			buildRules = (
			);
			dependencies = (
				D23F41DA1FA261A600FF240A /* PBXTargetDependency */,
			);
			name = autoLayoutExercisesTests;
			productName = autoLayoutExercisesTests;
			productReference = D23F41D81FA261A600FF240A /* autoLayoutExercisesTests.xctest */;
			productType = "com.apple.product-type.bundle.unit-test";
		};
		D23F41E21FA261A600FF240A /* autoLayoutExercisesUITests */ = {
			isa = PBXNativeTarget;
			buildConfigurationList = D23F41F21FA261A600FF240A /* Build configuration list for PBXNativeTarget "autoLayoutExercisesUITests" */;
			buildPhases = (
				D23F41DF1FA261A600FF240A /* Sources */,
				D23F41E01FA261A600FF240A /* Frameworks */,
				D23F41E11FA261A600FF240A /* Resources */,
			);
			buildRules = (
			);
			dependencies = (
				D23F41E51FA261A600FF240A /* PBXTargetDependency */,
			);
			name = autoLayoutExercisesUITests;
			productName = autoLayoutExercisesUITests;
			productReference = D23F41E31FA261A600FF240A /* autoLayoutExercisesUITests.xctest */;
			productType = "com.apple.product-type.bundle.ui-testing";
		};
/* End PBXNativeTarget section */

/* Begin PBXProject section */
		D23F41BC1FA261A500FF240A /* Project object */ = {
			isa = PBXProject;
			attributes = {
				LastSwiftUpdateCheck = 0900;
				LastUpgradeCheck = 0900;
				ORGANIZATIONNAME = "Lisa J";
				TargetAttributes = {
					D23F41C31FA261A500FF240A = {
						CreatedOnToolsVersion = 9.0.1;
						ProvisioningStyle = Automatic;
					};
					D23F41D71FA261A600FF240A = {
						CreatedOnToolsVersion = 9.0.1;
						ProvisioningStyle = Automatic;
						TestTargetID = D23F41C31FA261A500FF240A;
					};
					D23F41E21FA261A600FF240A = {
						CreatedOnToolsVersion = 9.0.1;
						ProvisioningStyle = Automatic;
						TestTargetID = D23F41C31FA261A500FF240A;
					};
				};
			};
			buildConfigurationList = D23F41BF1FA261A500FF240A /* Build configuration list for PBXProject "autoLayoutExercises" */;
			compatibilityVersion = "Xcode 8.0";
			developmentRegion = en;
			hasScannedForEncodings = 0;
			knownRegions = (
				en,
				Base,
			);
			mainGroup = D23F41BB1FA261A500FF240A;
			productRefGroup = D23F41C51FA261A500FF240A /* Products */;
			projectDirPath = "";
			projectRoot = "";
			targets = (
				D23F41C31FA261A500FF240A /* autoLayoutExercises */,
				D23F41D71FA261A600FF240A /* autoLayoutExercisesTests */,
				D23F41E21FA261A600FF240A /* autoLayoutExercisesUITests */,
			);
		};
/* End PBXProject section */

/* Begin PBXResourcesBuildPhase section */
		D23F41C21FA261A500FF240A /* Resources */ = {
			isa = PBXResourcesBuildPhase;
			buildActionMask = 2147483647;
			files = (
				D23F41D21FA261A500FF240A /* LaunchScreen.storyboard in Resources */,
				D23F41CF1FA261A500FF240A /* Assets.xcassets in Resources */,
				D23F41CD1FA261A500FF240A /* Main.storyboard in Resources */,
			);
			runOnlyForDeploymentPostprocessing = 0;
		};
		D23F41D61FA261A600FF240A /* Resources */ = {
			isa = PBXResourcesBuildPhase;
			buildActionMask = 2147483647;
			files = (
			);
			runOnlyForDeploymentPostprocessing = 0;
		};
		D23F41E11FA261A600FF240A /* Resources */ = {
			isa = PBXResourcesBuildPhase;
			buildActionMask = 2147483647;
			files = (
			);
			runOnlyForDeploymentPostprocessing = 0;
		};
/* End PBXResourcesBuildPhase section */

/* Begin PBXSourcesBuildPhase section */
		D23F41C01FA261A500FF240A /* Sources */ = {
			isa = PBXSourcesBuildPhase;
			buildActionMask = 2147483647;
			files = (
				D23F41CA1FA261A500FF240A /* ViewController.swift in Sources */,
				D23F41C81FA261A500FF240A /* AppDelegate.swift in Sources */,
			);
			runOnlyForDeploymentPostprocessing = 0;
		};
		D23F41D41FA261A600FF240A /* Sources */ = {
			isa = PBXSourcesBuildPhase;
			buildActionMask = 2147483647;
			files = (
				D23F41DD1FA261A600FF240A /* autoLayoutExercisesTests.swift in Sources */,
			);
			runOnlyForDeploymentPostprocessing = 0;
		};
		D23F41DF1FA261A600FF240A /* Sources */ = {
			isa = PBXSourcesBuildPhase;
			buildActionMask = 2147483647;
			files = (
				D23F41E81FA261A600FF240A /* autoLayoutExercisesUITests.swift in Sources */,
			);
			runOnlyForDeploymentPostprocessing = 0;
		};
/* End PBXSourcesBuildPhase section */

/* Begin PBXTargetDependency section */
		D23F41DA1FA261A600FF240A /* PBXTargetDependency */ = {
			isa = PBXTargetDependency;
			target = D23F41C31FA261A500FF240A /* autoLayoutExercises */;
			targetProxy = D23F41D91FA261A600FF240A /* PBXContainerItemProxy */;
		};
		D23F41E51FA261A600FF240A /* PBXTargetDependency */ = {
			isa = PBXTargetDependency;
			target = D23F41C31FA261A500FF240A /* autoLayoutExercises */;
			targetProxy = D23F41E41FA261A600FF240A /* PBXContainerItemProxy */;
		};
/* End PBXTargetDependency section */

/* Begin PBXVariantGroup section */
		D23F41CB1FA261A500FF240A /* Main.storyboard */ = {
			isa = PBXVariantGroup;
			children = (
				D23F41CC1FA261A500FF240A /* Base */,
			);
			name = Main.storyboard;
			sourceTree = "<group>";
		};
		D23F41D01FA261A500FF240A /* LaunchScreen.storyboard */ = {
			isa = PBXVariantGroup;
			children = (
				D23F41D11FA261A500FF240A /* Base */,
			);
			name = LaunchScreen.storyboard;
			sourceTree = "<group>";
		};
/* End PBXVariantGroup section */

/* Begin XCBuildConfiguration section */
		D23F41EA1FA261A600FF240A /* Debug */ = {
			isa = XCBuildConfiguration;
			buildSettings = {
				ALWAYS_SEARCH_USER_PATHS = NO;
				CLANG_ANALYZER_NONNULL = YES;
				CLANG_ANALYZER_NUMBER_OBJECT_CONVERSION = YES_AGGRESSIVE;
				CLANG_CXX_LANGUAGE_STANDARD = "gnu++14";
				CLANG_CXX_LIBRARY = "libc++";
				CLANG_ENABLE_MODULES = YES;
				CLANG_ENABLE_OBJC_ARC = YES;
				CLANG_WARN_BLOCK_CAPTURE_AUTORELEASING = YES;
				CLANG_WARN_BOOL_CONVERSION = YES;
				CLANG_WARN_COMMA = YES;
				CLANG_WARN_CONSTANT_CONVERSION = YES;
				CLANG_WARN_DIRECT_OBJC_ISA_USAGE = YES_ERROR;
				CLANG_WARN_DOCUMENTATION_COMMENTS = YES;
				CLANG_WARN_EMPTY_BODY = YES;
				CLANG_WARN_ENUM_CONVERSION = YES;
				CLANG_WARN_INFINITE_RECURSION = YES;
				CLANG_WARN_INT_CONVERSION = YES;
				CLANG_WARN_NON_LITERAL_NULL_CONVERSION = YES;
				CLANG_WARN_OBJC_LITERAL_CONVERSION = YES;
				CLANG_WARN_OBJC_ROOT_CLASS = YES_ERROR;
				CLANG_WARN_RANGE_LOOP_ANALYSIS = YES;
				CLANG_WARN_STRICT_PROTOTYPES = YES;
				CLANG_WARN_SUSPICIOUS_MOVE = YES;
				CLANG_WARN_UNGUARDED_AVAILABILITY = YES_AGGRESSIVE;
				CLANG_WARN_UNREACHABLE_CODE = YES;
				CLANG_WARN__DUPLICATE_METHOD_MATCH = YES;
				CODE_SIGN_IDENTITY = "iPhone Developer";
				COPY_PHASE_STRIP = NO;
				DEBUG_INFORMATION_FORMAT = dwarf;
				ENABLE_STRICT_OBJC_MSGSEND = YES;
				ENABLE_TESTABILITY = YES;
				GCC_C_LANGUAGE_STANDARD = gnu11;
				GCC_DYNAMIC_NO_PIC = NO;
				GCC_NO_COMMON_BLOCKS = YES;
				GCC_OPTIMIZATION_LEVEL = 0;
				GCC_PREPROCESSOR_DEFINITIONS = (
					"DEBUG=1",
					"$(inherited)",
				);
				GCC_WARN_64_TO_32_BIT_CONVERSION = YES;
				GCC_WARN_ABOUT_RETURN_TYPE = YES_ERROR;
				GCC_WARN_UNDECLARED_SELECTOR = YES;
				GCC_WARN_UNINITIALIZED_AUTOS = YES_AGGRESSIVE;
				GCC_WARN_UNUSED_FUNCTION = YES;
				GCC_WARN_UNUSED_VARIABLE = YES;
				IPHONEOS_DEPLOYMENT_TARGET = 11.0;
				MTL_ENABLE_DEBUG_INFO = YES;
				ONLY_ACTIVE_ARCH = YES;
				SDKROOT = iphoneos;
				SWIFT_ACTIVE_COMPILATION_CONDITIONS = DEBUG;
				SWIFT_OPTIMIZATION_LEVEL = "-Onone";
			};
			name = Debug;
		};
		D23F41EB1FA261A600FF240A /* Release */ = {
			isa = XCBuildConfiguration;
			buildSettings = {
				ALWAYS_SEARCH_USER_PATHS = NO;
				CLANG_ANALYZER_NONNULL = YES;
				CLANG_ANALYZER_NUMBER_OBJECT_CONVERSION = YES_AGGRESSIVE;
				CLANG_CXX_LANGUAGE_STANDARD = "gnu++14";
				CLANG_CXX_LIBRARY = "libc++";
				CLANG_ENABLE_MODULES = YES;
				CLANG_ENABLE_OBJC_ARC = YES;
				CLANG_WARN_BLOCK_CAPTURE_AUTORELEASING = YES;
				CLANG_WARN_BOOL_CONVERSION = YES;
				CLANG_WARN_COMMA = YES;
				CLANG_WARN_CONSTANT_CONVERSION = YES;
				CLANG_WARN_DIRECT_OBJC_ISA_USAGE = YES_ERROR;
				CLANG_WARN_DOCUMENTATION_COMMENTS = YES;
				CLANG_WARN_EMPTY_BODY = YES;
				CLANG_WARN_ENUM_CONVERSION = YES;
				CLANG_WARN_INFINITE_RECURSION = YES;
				CLANG_WARN_INT_CONVERSION = YES;
				CLANG_WARN_NON_LITERAL_NULL_CONVERSION = YES;
				CLANG_WARN_OBJC_LITERAL_CONVERSION = YES;
				CLANG_WARN_OBJC_ROOT_CLASS = YES_ERROR;
				CLANG_WARN_RANGE_LOOP_ANALYSIS = YES;
				CLANG_WARN_STRICT_PROTOTYPES = YES;
				CLANG_WARN_SUSPICIOUS_MOVE = YES;
				CLANG_WARN_UNGUARDED_AVAILABILITY = YES_AGGRESSIVE;
				CLANG_WARN_UNREACHABLE_CODE = YES;
				CLANG_WARN__DUPLICATE_METHOD_MATCH = YES;
				CODE_SIGN_IDENTITY = "iPhone Developer";
				COPY_PHASE_STRIP = NO;
				DEBUG_INFORMATION_FORMAT = "dwarf-with-dsym";
				ENABLE_NS_ASSERTIONS = NO;
				ENABLE_STRICT_OBJC_MSGSEND = YES;
				GCC_C_LANGUAGE_STANDARD = gnu11;
				GCC_NO_COMMON_BLOCKS = YES;
				GCC_WARN_64_TO_32_BIT_CONVERSION = YES;
				GCC_WARN_ABOUT_RETURN_TYPE = YES_ERROR;
				GCC_WARN_UNDECLARED_SELECTOR = YES;
				GCC_WARN_UNINITIALIZED_AUTOS = YES_AGGRESSIVE;
				GCC_WARN_UNUSED_FUNCTION = YES;
				GCC_WARN_UNUSED_VARIABLE = YES;
				IPHONEOS_DEPLOYMENT_TARGET = 11.0;
				MTL_ENABLE_DEBUG_INFO = NO;
				SDKROOT = iphoneos;
				SWIFT_OPTIMIZATION_LEVEL = "-Owholemodule";
				VALIDATE_PRODUCT = YES;
			};
			name = Release;
		};
		D23F41ED1FA261A600FF240A /* Debug */ = {
			isa = XCBuildConfiguration;
			buildSettings = {
				ASSETCATALOG_COMPILER_APPICON_NAME = AppIcon;
				CODE_SIGN_STYLE = Automatic;
				INFOPLIST_FILE = autoLayoutExercises/Info.plist;
				LD_RUNPATH_SEARCH_PATHS = "$(inherited) @executable_path/Frameworks";
				PRODUCT_BUNDLE_IDENTIFIER = "Lisa-J.autoLayoutExercises";
				PRODUCT_NAME = "$(TARGET_NAME)";
				SWIFT_VERSION = 4.0;
				TARGETED_DEVICE_FAMILY = "1,2";
			};
			name = Debug;
		};
		D23F41EE1FA261A600FF240A /* Release */ = {
			isa = XCBuildConfiguration;
			buildSettings = {
				ASSETCATALOG_COMPILER_APPICON_NAME = AppIcon;
				CODE_SIGN_STYLE = Automatic;
				INFOPLIST_FILE = autoLayoutExercises/Info.plist;
				LD_RUNPATH_SEARCH_PATHS = "$(inherited) @executable_path/Frameworks";
				PRODUCT_BUNDLE_IDENTIFIER = "Lisa-J.autoLayoutExercises";
				PRODUCT_NAME = "$(TARGET_NAME)";
				SWIFT_VERSION = 4.0;
				TARGETED_DEVICE_FAMILY = "1,2";
			};
			name = Release;
		};
		D23F41F01FA261A600FF240A /* Debug */ = {
			isa = XCBuildConfiguration;
			buildSettings = {
				ALWAYS_EMBED_SWIFT_STANDARD_LIBRARIES = YES;
				BUNDLE_LOADER = "$(TEST_HOST)";
				CODE_SIGN_STYLE = Automatic;
				INFOPLIST_FILE = autoLayoutExercisesTests/Info.plist;
				LD_RUNPATH_SEARCH_PATHS = "$(inherited) @executable_path/Frameworks @loader_path/Frameworks";
				PRODUCT_BUNDLE_IDENTIFIER = "Lisa-J.autoLayoutExercisesTests";
				PRODUCT_NAME = "$(TARGET_NAME)";
				SWIFT_VERSION = 4.0;
				TARGETED_DEVICE_FAMILY = "1,2";
				TEST_HOST = "$(BUILT_PRODUCTS_DIR)/autoLayoutExercises.app/autoLayoutExercises";
			};
			name = Debug;
		};
		D23F41F11FA261A600FF240A /* Release */ = {
			isa = XCBuildConfiguration;
			buildSettings = {
				ALWAYS_EMBED_SWIFT_STANDARD_LIBRARIES = YES;
				BUNDLE_LOADER = "$(TEST_HOST)";
				CODE_SIGN_STYLE = Automatic;
				INFOPLIST_FILE = autoLayoutExercisesTests/Info.plist;
				LD_RUNPATH_SEARCH_PATHS = "$(inherited) @executable_path/Frameworks @loader_path/Frameworks";
				PRODUCT_BUNDLE_IDENTIFIER = "Lisa-J.autoLayoutExercisesTests";
				PRODUCT_NAME = "$(TARGET_NAME)";
				SWIFT_VERSION = 4.0;
				TARGETED_DEVICE_FAMILY = "1,2";
				TEST_HOST = "$(BUILT_PRODUCTS_DIR)/autoLayoutExercises.app/autoLayoutExercises";
			};
			name = Release;
		};
		D23F41F31FA261A600FF240A /* Debug */ = {
			isa = XCBuildConfiguration;
			buildSettings = {
				ALWAYS_EMBED_SWIFT_STANDARD_LIBRARIES = YES;
				CODE_SIGN_STYLE = Automatic;
				INFOPLIST_FILE = autoLayoutExercisesUITests/Info.plist;
				LD_RUNPATH_SEARCH_PATHS = "$(inherited) @executable_path/Frameworks @loader_path/Frameworks";
				PRODUCT_BUNDLE_IDENTIFIER = "Lisa-J.autoLayoutExercisesUITests";
				PRODUCT_NAME = "$(TARGET_NAME)";
				SWIFT_VERSION = 4.0;
				TARGETED_DEVICE_FAMILY = "1,2";
				TEST_TARGET_NAME = autoLayoutExercises;
			};
			name = Debug;
		};
		D23F41F41FA261A600FF240A /* Release */ = {
			isa = XCBuildConfiguration;
			buildSettings = {
				ALWAYS_EMBED_SWIFT_STANDARD_LIBRARIES = YES;
				CODE_SIGN_STYLE = Automatic;
				INFOPLIST_FILE = autoLayoutExercisesUITests/Info.plist;
				LD_RUNPATH_SEARCH_PATHS = "$(inherited) @executable_path/Frameworks @loader_path/Frameworks";
				PRODUCT_BUNDLE_IDENTIFIER = "Lisa-J.autoLayoutExercisesUITests";
				PRODUCT_NAME = "$(TARGET_NAME)";
				SWIFT_VERSION = 4.0;
				TARGETED_DEVICE_FAMILY = "1,2";
				TEST_TARGET_NAME = autoLayoutExercises;
			};
			name = Release;
		};
/* End XCBuildConfiguration section */

/* Begin XCConfigurationList section */
		D23F41BF1FA261A500FF240A /* Build configuration list for PBXProject "autoLayoutExercises" */ = {
			isa = XCConfigurationList;
			buildConfigurations = (
				D23F41EA1FA261A600FF240A /* Debug */,
				D23F41EB1FA261A600FF240A /* Release */,
			);
			defaultConfigurationIsVisible = 0;
			defaultConfigurationName = Release;
		};
		D23F41EC1FA261A600FF240A /* Build configuration list for PBXNativeTarget "autoLayoutExercises" */ = {
			isa = XCConfigurationList;
			buildConfigurations = (
				D23F41ED1FA261A600FF240A /* Debug */,
				D23F41EE1FA261A600FF240A /* Release */,
			);
			defaultConfigurationIsVisible = 0;
			defaultConfigurationName = Release;
		};
		D23F41EF1FA261A600FF240A /* Build configuration list for PBXNativeTarget "autoLayoutExercisesTests" */ = {
			isa = XCConfigurationList;
			buildConfigurations = (
				D23F41F01FA261A600FF240A /* Debug */,
				D23F41F11FA261A600FF240A /* Release */,
			);
			defaultConfigurationIsVisible = 0;
			defaultConfigurationName = Release;
		};
		D23F41F21FA261A600FF240A /* Build configuration list for PBXNativeTarget "autoLayoutExercisesUITests" */ = {
			isa = XCConfigurationList;
			buildConfigurations = (
				D23F41F31FA261A600FF240A /* Debug */,
				D23F41F41FA261A600FF240A /* Release */,
			);
			defaultConfigurationIsVisible = 0;
			defaultConfigurationName = Release;
		};
/* End XCConfigurationList section */
	};
	rootObject = D23F41BC1FA261A500FF240A /* Project object */;
}
